
Microsoft Visual Studio Solution File, Format Version 12.00
# Visual Studio Version 17
VisualStudioVersion = 17.13.35825.156
MinimumVisualStudioVersion = 10.0.40219.1
Project("{FAE04EC0-301F-11D3-BF4B-00C04F79EFBC}") = "WeatherApp.API", "WeatherApp.API.csproj", "{35F2F483-4D57-F78B-D3BC-101A6B166E61}"
EndProject
Project("{FAE04EC0-301F-11D3-BF4B-00C04F79EFBC}") = "WeatherApp.DataAccess.Postgres", "..\WeatherApp.DataAccess.Postgres\WeatherApp.DataAccess.Postgres.csproj", "{798609E3-89EE-4FF8-821C-6C58F7C9507A}"
EndProject
Global
	GlobalSection(SolutionConfigurationPlatforms) = preSolution
		Debug|Any CPU = Debug|Any CPU
		Release|Any CPU = Release|Any CPU
	EndGlobalSection
	GlobalSection(ProjectConfigurationPlatforms) = postSolution
		{35F2F483-4D57-F78B-D3BC-101A6B166E61}.Debug|Any CPU.ActiveCfg = Debug|Any CPU
		{35F2F483-4D57-F78B-D3BC-101A6B166E61}.Debug|Any CPU.Build.0 = Debug|Any CPU
		{35F2F483-4D57-F78B-D3BC-101A6B166E61}.Release|Any CPU.ActiveCfg = Release|Any CPU
		{35F2F483-4D57-F78B-D3BC-101A6B166E61}.Release|Any CPU.Build.0 = Release|Any CPU
		{798609E3-89EE-4FF8-821C-6C58F7C9507A}.Debug|Any CPU.ActiveCfg = Debug|Any CPU
		{798609E3-89EE-4FF8-821C-6C58F7C9507A}.Debug|Any CPU.Build.0 = Debug|Any CPU
		{798609E3-89EE-4FF8-821C-6C58F7C9507A}.Release|Any CPU.ActiveCfg = Release|Any CPU
		{798609E3-89EE-4FF8-821C-6C58F7C9507A}.Release|Any CPU.Build.0 = Release|Any CPU
	EndGlobalSection
	GlobalSection(SolutionProperties) = preSolution
		HideSolutionNode = FALSE
	EndGlobalSection
	GlobalSection(ExtensibilityGlobals) = postSolution
		SolutionGuid = {E8B5486A-2C3C-48DC-9E0D-6968244BC46C}
	EndGlobalSection
EndGlobal
